
Microsoft Visual Studio Solution File, Format Version 12.00
# Visual Studio Version 16
VisualStudioVersion = 16.0.28803.452
MinimumVisualStudioVersion = 10.0.40219.1
Project("{FAE04EC0-301F-11D3-BF4B-00C04F79EFBC}") = "prac4Calc", "prac4Calc.csproj", "{D91C4587-5B1E-4C1B-82AD-A07150CAD41F}"
EndProject
Global
	GlobalSection(SolutionConfigurationPlatforms) = preSolution
		Debug|Any CPU = Debug|Any CPU
		Release|Any CPU = Release|Any CPU
	EndGlobalSection
	GlobalSection(ProjectConfigurationPlatforms) = postSolution
		{D91C4587-5B1E-4C1B-82AD-A07150CAD41F}.Debug|Any CPU.ActiveCfg = Debug|Any CPU
		{D91C4587-5B1E-4C1B-82AD-A07150CAD41F}.Debug|Any CPU.Build.0 = Debug|Any CPU
		{D91C4587-5B1E-4C1B-82AD-A07150CAD41F}.Release|Any CPU.ActiveCfg = Release|Any CPU
		{D91C4587-5B1E-4C1B-82AD-A07150CAD41F}.Release|Any CPU.Build.0 = Release|Any CPU
	EndGlobalSection
	GlobalSection(SolutionProperties) = preSolution
		HideSolutionNode = FALSE
	EndGlobalSection
	GlobalSection(ExtensibilityGlobals) = postSolution
		SolutionGuid = {95A78F4F-3549-437A-943C-66D70E5439F5}
	EndGlobalSection
EndGlobal
