
Microsoft Visual Studio Solution File, Format Version 12.00
# Visual Studio Version 16
VisualStudioVersion = 16.0.28803.452
MinimumVisualStudioVersion = 10.0.40219.1
Project("{FAE04EC0-301F-11D3-BF4B-00C04F79EFBC}") = "Proj11612", "Proj11612\Proj11612.csproj", "{B24609D6-1CEA-4889-B569-54F7C578A24E}"
EndProject
Global
	GlobalSection(SolutionConfigurationPlatforms) = preSolution
		Debug|Any CPU = Debug|Any CPU
		Release|Any CPU = Release|Any CPU
	EndGlobalSection
	GlobalSection(ProjectConfigurationPlatforms) = postSolution
		{B24609D6-1CEA-4889-B569-54F7C578A24E}.Debug|Any CPU.ActiveCfg = Debug|Any CPU
		{B24609D6-1CEA-4889-B569-54F7C578A24E}.Debug|Any CPU.Build.0 = Debug|Any CPU
		{B24609D6-1CEA-4889-B569-54F7C578A24E}.Release|Any CPU.ActiveCfg = Release|Any CPU
		{B24609D6-1CEA-4889-B569-54F7C578A24E}.Release|Any CPU.Build.0 = Release|Any CPU
	EndGlobalSection
	GlobalSection(SolutionProperties) = preSolution
		HideSolutionNode = FALSE
	EndGlobalSection
	GlobalSection(ExtensibilityGlobals) = postSolution
		SolutionGuid = {DE62860F-3655-4AAA-815E-EFE993F6DC93}
	EndGlobalSection
EndGlobal
