
Microsoft Visual Studio Solution File, Format Version 12.00
# Visual Studio Version 16
VisualStudioVersion = 16.0.28803.452
MinimumVisualStudioVersion = 10.0.40219.1
Project("{FAE04EC0-301F-11D3-BF4B-00C04F79EFBC}") = "FirstDesktop", "FirstDesktop\FirstDesktop.csproj", "{1C3B9625-53E4-4E49-B28C-8E466E813EEB}"
EndProject
Global
	GlobalSection(SolutionConfigurationPlatforms) = preSolution
		Debug|Any CPU = Debug|Any CPU
		Release|Any CPU = Release|Any CPU
	EndGlobalSection
	GlobalSection(ProjectConfigurationPlatforms) = postSolution
		{1C3B9625-53E4-4E49-B28C-8E466E813EEB}.Debug|Any CPU.ActiveCfg = Debug|Any CPU
		{1C3B9625-53E4-4E49-B28C-8E466E813EEB}.Debug|Any CPU.Build.0 = Debug|Any CPU
		{1C3B9625-53E4-4E49-B28C-8E466E813EEB}.Release|Any CPU.ActiveCfg = Release|Any CPU
		{1C3B9625-53E4-4E49-B28C-8E466E813EEB}.Release|Any CPU.Build.0 = Release|Any CPU
	EndGlobalSection
	GlobalSection(SolutionProperties) = preSolution
		HideSolutionNode = FALSE
	EndGlobalSection
	GlobalSection(ExtensibilityGlobals) = postSolution
		SolutionGuid = {BBDB3169-DB60-4BFF-8B11-00E7E28CDE5F}
	EndGlobalSection
EndGlobal
