
Microsoft Visual Studio Solution File, Format Version 12.00
# Visual Studio Version 16
VisualStudioVersion = 16.0.28803.452
MinimumVisualStudioVersion = 10.0.40219.1
Project("{FAE04EC0-301F-11D3-BF4B-00C04F79EFBC}") = "prac1CurrencyConv", "prac1CurrencyConv.csproj", "{FBE503CC-2E5B-4722-ABC2-C58BA75B6B2F}"
EndProject
Global
	GlobalSection(SolutionConfigurationPlatforms) = preSolution
		Debug|Any CPU = Debug|Any CPU
		Release|Any CPU = Release|Any CPU
	EndGlobalSection
	GlobalSection(ProjectConfigurationPlatforms) = postSolution
		{FBE503CC-2E5B-4722-ABC2-C58BA75B6B2F}.Debug|Any CPU.ActiveCfg = Debug|Any CPU
		{FBE503CC-2E5B-4722-ABC2-C58BA75B6B2F}.Debug|Any CPU.Build.0 = Debug|Any CPU
		{FBE503CC-2E5B-4722-ABC2-C58BA75B6B2F}.Release|Any CPU.ActiveCfg = Release|Any CPU
		{FBE503CC-2E5B-4722-ABC2-C58BA75B6B2F}.Release|Any CPU.Build.0 = Release|Any CPU
	EndGlobalSection
	GlobalSection(SolutionProperties) = preSolution
		HideSolutionNode = FALSE
	EndGlobalSection
	GlobalSection(ExtensibilityGlobals) = postSolution
		SolutionGuid = {310AC17B-35E9-4642-ABDD-CA71CE39DF5D}
	EndGlobalSection
EndGlobal
